// !$*UTF8*$!
{
	archiveVersion = 1;
	classes = {
	};
	objectVersion = 46;
	objects = {

/* Begin PBXBuildFile section */
		F884301F02F6314211DCF026 /* LineDrawable.swift in Sources */ = {isa = PBXBuildFile; fileRef = F8843EB8014039D164DC92FE /* LineDrawable.swift */; };
		F884308DE00708EC08CDDEE2 /* ViewController.swift in Sources */ = {isa = PBXBuildFile; fileRef = F884391B9353015B7F751551 /* ViewController.swift */; };
		F8843237178DA577F757CCCF /* UIColor+ ext.swift in Sources */ = {isa = PBXBuildFile; fileRef = F884309C518C976F5078B319 /* UIColor+ ext.swift */; };
		F88432957EA044B34E987CDF /* ColoredCardItem.swift in Sources */ = {isa = PBXBuildFile; fileRef = F8843DBF7EBD6E5E9AD06DDF /* ColoredCardItem.swift */; };
		F8843395056EAB45B2A07FB2 /* DrawnObject.swift in Sources */ = {isa = PBXBuildFile; fileRef = F8843C6B762EFD5653D1D98A /* DrawnObject.swift */; };
		F8843416BC6BC16F2ECA7298 /* LineDrawService.swift in Sources */ = {isa = PBXBuildFile; fileRef = F88430F91B6D8B2C67A5461C /* LineDrawService.swift */; };
		F88434898999165ED82A7110 /* RectDrawService.swift in Sources */ = {isa = PBXBuildFile; fileRef = F88432CD1D1BA2C1C4C10C3D /* RectDrawService.swift */; };
		F88435EF4D2953546FFF864E /* RectDrawable.swift in Sources */ = {isa = PBXBuildFile; fileRef = F88432DA4C6BD552D9D936E0 /* RectDrawable.swift */; };
		F88436286F44C9B6402370B0 /* CircleDrawService.swift in Sources */ = {isa = PBXBuildFile; fileRef = F8843B408A464C1D04D2703E /* CircleDrawService.swift */; };
		F8843645DF45BDA1834C9217 /* PencilDrawService.swift in Sources */ = {isa = PBXBuildFile; fileRef = F88430BE71FAAB0399CA19C5 /* PencilDrawService.swift */; };
		F88436A03D03B64A71809152 /* Factory.swift in Sources */ = {isa = PBXBuildFile; fileRef = F8843D4BD6BFF4D1C296F322 /* Factory.swift */; };
		F8843756DEDC9F959FA5A3E6 /* UIStackView+ext.swift in Sources */ = {isa = PBXBuildFile; fileRef = F8843035B677CD66145ABFD0 /* UIStackView+ext.swift */; };
		F884392EE97AA1177531284D /* TriangleDrawable.swift in Sources */ = {isa = PBXBuildFile; fileRef = F8843847AD03413320F019ED /* TriangleDrawable.swift */; };
		F884393522BB77F61D607DB2 /* TriangleDrawService.swift in Sources */ = {isa = PBXBuildFile; fileRef = F8843C7C026690320274E263 /* TriangleDrawService.swift */; };
		F8843A0A50861390B3CE8ED4 /* SceneDelegate.swift in Sources */ = {isa = PBXBuildFile; fileRef = F88438F64FF2E170ABBA2F12 /* SceneDelegate.swift */; };
		F8843A0B100D87F1D9EF17F8 /* DrawTools.swift in Sources */ = {isa = PBXBuildFile; fileRef = F88433A588E4AB35A45D91E0 /* DrawTools.swift */; };
		F8843A6C9AF58E39B868DD6F /* Observed.swift in Sources */ = {isa = PBXBuildFile; fileRef = F8843637BDA14928E96590C4 /* Observed.swift */; };
		F8843B0BE6924D38D33788B4 /* AppDelegate.swift in Sources */ = {isa = PBXBuildFile; fileRef = F8843A5311EF7E7079186D3B /* AppDelegate.swift */; };
		F8843D54CB2FF032C7A3641B /* Assets.xcassets in Resources */ = {isa = PBXBuildFile; fileRef = F88437B506F63554D6D582A9 /* Assets.xcassets */; };
		F8843DDDA17A50724E45E22E /* ViewModel.swift in Sources */ = {isa = PBXBuildFile; fileRef = F88436B2BDE4D680343D5E66 /* ViewModel.swift */; };
		F8843DF57A65B6649416498C /* ColoredCardDataSource.swift in Sources */ = {isa = PBXBuildFile; fileRef = F88436742371B7F2E55FF026 /* ColoredCardDataSource.swift */; };
		F8843E3B226DFC14688A6C0B /* PencilDrawable.swift in Sources */ = {isa = PBXBuildFile; fileRef = F88436839629714049B95A58 /* PencilDrawable.swift */; };
		F8843E515AB6A1CD4593263E /* DrawCanvas.swift in Sources */ = {isa = PBXBuildFile; fileRef = F884367618BA4AFBD1F56FF2 /* DrawCanvas.swift */; };
		F8843EE3C869191AA00BDE1A /* CircleDrawable.swift in Sources */ = {isa = PBXBuildFile; fileRef = F8843DE31635DB27F31E499C /* CircleDrawable.swift */; };
		F8843FDC3E01E7BED361593B /* LaunchScreen.storyboard in Resources */ = {isa = PBXBuildFile; fileRef = F8843D1CB3627EEB694FD5E3 /* LaunchScreen.storyboard */; };
/* End PBXBuildFile section */

/* Begin PBXFileReference section */
		F8843035B677CD66145ABFD0 /* UIStackView+ext.swift */ = {isa = PBXFileReference; fileEncoding = 4; lastKnownFileType = sourcecode.swift; path = "UIStackView+ext.swift"; sourceTree = "<group>"; };
		F884309C518C976F5078B319 /* UIColor+ ext.swift */ = {isa = PBXFileReference; fileEncoding = 4; lastKnownFileType = sourcecode.swift; path = "UIColor+ ext.swift"; sourceTree = "<group>"; };
		F88430BE71FAAB0399CA19C5 /* PencilDrawService.swift */ = {isa = PBXFileReference; fileEncoding = 4; lastKnownFileType = sourcecode.swift; path = PencilDrawService.swift; sourceTree = "<group>"; };
		F88430F91B6D8B2C67A5461C /* LineDrawService.swift */ = {isa = PBXFileReference; fileEncoding = 4; lastKnownFileType = sourcecode.swift; path = LineDrawService.swift; sourceTree = "<group>"; };
		F88432CD1D1BA2C1C4C10C3D /* RectDrawService.swift */ = {isa = PBXFileReference; fileEncoding = 4; lastKnownFileType = sourcecode.swift; path = RectDrawService.swift; sourceTree = "<group>"; };
		F88432DA4C6BD552D9D936E0 /* RectDrawable.swift */ = {isa = PBXFileReference; fileEncoding = 4; lastKnownFileType = sourcecode.swift; path = RectDrawable.swift; sourceTree = "<group>"; };
		F88433A588E4AB35A45D91E0 /* DrawTools.swift */ = {isa = PBXFileReference; fileEncoding = 4; lastKnownFileType = sourcecode.swift; path = DrawTools.swift; sourceTree = "<group>"; };
		F8843637BDA14928E96590C4 /* Observed.swift */ = {isa = PBXFileReference; fileEncoding = 4; lastKnownFileType = sourcecode.swift; path = Observed.swift; sourceTree = "<group>"; };
		F88436742371B7F2E55FF026 /* ColoredCardDataSource.swift */ = {isa = PBXFileReference; fileEncoding = 4; lastKnownFileType = sourcecode.swift; path = ColoredCardDataSource.swift; sourceTree = "<group>"; };
		F884367618BA4AFBD1F56FF2 /* DrawCanvas.swift */ = {isa = PBXFileReference; fileEncoding = 4; lastKnownFileType = sourcecode.swift; path = DrawCanvas.swift; sourceTree = "<group>"; };
		F88436782F5757E3D7FA2D7C /* Base */ = {isa = PBXFileReference; lastKnownFileType = file.storyboard; name = Base; path = Base.lproj/LaunchScreen.storyboard; sourceTree = "<group>"; };
		F88436839629714049B95A58 /* PencilDrawable.swift */ = {isa = PBXFileReference; fileEncoding = 4; lastKnownFileType = sourcecode.swift; path = PencilDrawable.swift; sourceTree = "<group>"; };
		F88436B2BDE4D680343D5E66 /* ViewModel.swift */ = {isa = PBXFileReference; fileEncoding = 4; lastKnownFileType = sourcecode.swift; path = ViewModel.swift; sourceTree = "<group>"; };
		F88437B506F63554D6D582A9 /* Assets.xcassets */ = {isa = PBXFileReference; lastKnownFileType = folder.assetcatalog; path = Assets.xcassets; sourceTree = "<group>"; };
		F88438167693CF9242D7BED1 /* Info.plist */ = {isa = PBXFileReference; fileEncoding = 4; lastKnownFileType = text.plist.info; path = Info.plist; sourceTree = "<group>"; };
		F8843847AD03413320F019ED /* TriangleDrawable.swift */ = {isa = PBXFileReference; fileEncoding = 4; lastKnownFileType = sourcecode.swift; path = TriangleDrawable.swift; sourceTree = "<group>"; };
		F88438F64FF2E170ABBA2F12 /* SceneDelegate.swift */ = {isa = PBXFileReference; fileEncoding = 4; lastKnownFileType = sourcecode.swift; path = SceneDelegate.swift; sourceTree = "<group>"; };
		F884391B9353015B7F751551 /* ViewController.swift */ = {isa = PBXFileReference; fileEncoding = 4; lastKnownFileType = sourcecode.swift; path = ViewController.swift; sourceTree = "<group>"; };
		F8843A5311EF7E7079186D3B /* AppDelegate.swift */ = {isa = PBXFileReference; fileEncoding = 4; lastKnownFileType = sourcecode.swift; path = AppDelegate.swift; sourceTree = "<group>"; };
		F8843B408A464C1D04D2703E /* CircleDrawService.swift */ = {isa = PBXFileReference; fileEncoding = 4; lastKnownFileType = sourcecode.swift; path = CircleDrawService.swift; sourceTree = "<group>"; };
		F8843C6B762EFD5653D1D98A /* DrawnObject.swift */ = {isa = PBXFileReference; fileEncoding = 4; lastKnownFileType = sourcecode.swift; path = DrawnObject.swift; sourceTree = "<group>"; };
		F8843C7C026690320274E263 /* TriangleDrawService.swift */ = {isa = PBXFileReference; fileEncoding = 4; lastKnownFileType = sourcecode.swift; path = TriangleDrawService.swift; sourceTree = "<group>"; };
		F8843D4BD6BFF4D1C296F322 /* Factory.swift */ = {isa = PBXFileReference; fileEncoding = 4; lastKnownFileType = sourcecode.swift; path = Factory.swift; sourceTree = "<group>"; };
		F8843DBF7EBD6E5E9AD06DDF /* ColoredCardItem.swift */ = {isa = PBXFileReference; fileEncoding = 4; lastKnownFileType = sourcecode.swift; path = ColoredCardItem.swift; sourceTree = "<group>"; };
		F8843DE31635DB27F31E499C /* CircleDrawable.swift */ = {isa = PBXFileReference; fileEncoding = 4; lastKnownFileType = sourcecode.swift; path = CircleDrawable.swift; sourceTree = "<group>"; };
		F8843EB8014039D164DC92FE /* LineDrawable.swift */ = {isa = PBXFileReference; fileEncoding = 4; lastKnownFileType = sourcecode.swift; path = LineDrawable.swift; sourceTree = "<group>"; };
		F8843F04E28FA6F093D41117 /* SimplePaint.app */ = {isa = PBXFileReference; explicitFileType = wrapper.application; includeInIndex = 0; path = SimplePaint.app; sourceTree = BUILT_PRODUCTS_DIR; };
/* End PBXFileReference section */

/* Begin PBXFrameworksBuildPhase section */
		F8843127088BCB2DAA0E759E /* Frameworks */ = {
			isa = PBXFrameworksBuildPhase;
			buildActionMask = 2147483647;
			files = (
			);
			runOnlyForDeploymentPostprocessing = 0;
		};
/* End PBXFrameworksBuildPhase section */

/* Begin PBXGroup section */
		F88430C1CBE666002E779F36 /* Supporting Files */ = {
			isa = PBXGroup;
			children = (
				F88438167693CF9242D7BED1 /* Info.plist */,
				F88437B506F63554D6D582A9 /* Assets.xcassets */,
			);
			path = "Supporting Files";
			sourceTree = "<group>";
		};
		F88431B5C36019E7B6967FFD /* App */ = {
			isa = PBXGroup;
			children = (
				F8843A5311EF7E7079186D3B /* AppDelegate.swift */,
				F88438F64FF2E170ABBA2F12 /* SceneDelegate.swift */,
			);
			path = App;
			sourceTree = "<group>";
		};
		F88431C254E9D532C1264187 /* One */ = {
			isa = PBXGroup;
			children = (
				F884330AB77E43E9C2BA37D0 /* Views */,
				F8843956D7B8EF5DFFACD22D /* CollectionViewDataSource */,
				F884391B9353015B7F751551 /* ViewController.swift */,
				F88436B2BDE4D680343D5E66 /* ViewModel.swift */,
				F8843D4BD6BFF4D1C296F322 /* Factory.swift */,
			);
			path = One;
			sourceTree = "<group>";
		};
		F884330AB77E43E9C2BA37D0 /* Views */ = {
			isa = PBXGroup;
			children = (
				F88433A588E4AB35A45D91E0 /* DrawTools.swift */,
				F884367618BA4AFBD1F56FF2 /* DrawCanvas.swift */,
			);
			path = Views;
			sourceTree = "<group>";
		};
		F88434C04037C1488ABD9D0B /* Features */ = {
			isa = PBXGroup;
			children = (
				F88436839629714049B95A58 /* PencilDrawable.swift */,
				F8843847AD03413320F019ED /* TriangleDrawable.swift */,
				F88432DA4C6BD552D9D936E0 /* RectDrawable.swift */,
				F8843EB8014039D164DC92FE /* LineDrawable.swift */,
				F8843DE31635DB27F31E499C /* CircleDrawable.swift */,
				F8843BA36041DBDAFFF18039 /* DrawServices */,
			);
			path = Features;
			sourceTree = "<group>";
		};
		F88434CFD74D5BCDE752F64F /* Scenes */ = {
			isa = PBXGroup;
			children = (
				F88431C254E9D532C1264187 /* One */,
			);
			path = Scenes;
			sourceTree = "<group>";
		};
		F8843956D7B8EF5DFFACD22D /* CollectionViewDataSource */ = {
			isa = PBXGroup;
			children = (
				F88436742371B7F2E55FF026 /* ColoredCardDataSource.swift */,
				F8843DBF7EBD6E5E9AD06DDF /* ColoredCardItem.swift */,
			);
			path = CollectionViewDataSource;
			sourceTree = "<group>";
		};
		F8843A66A5BAF5419044D5D2 /* SimplePaint */ = {
			isa = PBXGroup;
			children = (
				F8843D1CB3627EEB694FD5E3 /* LaunchScreen.storyboard */,
				F88430C1CBE666002E779F36 /* Supporting Files */,
				F88434CFD74D5BCDE752F64F /* Scenes */,
				F88434C04037C1488ABD9D0B /* Features */,
				F88431B5C36019E7B6967FFD /* App */,
				F8843E7245F92546817EE3F9 /* Extensions */,
				F8843F2D40826AB12AA16BAD /* Models */,
			);
			path = SimplePaint;
			sourceTree = "<group>";
		};
		F8843BA36041DBDAFFF18039 /* DrawServices */ = {
			isa = PBXGroup;
			children = (
				F8843B408A464C1D04D2703E /* CircleDrawService.swift */,
				F88430F91B6D8B2C67A5461C /* LineDrawService.swift */,
				F88430BE71FAAB0399CA19C5 /* PencilDrawService.swift */,
				F88432CD1D1BA2C1C4C10C3D /* RectDrawService.swift */,
				F8843C7C026690320274E263 /* TriangleDrawService.swift */,
			);
			path = DrawServices;
			sourceTree = "<group>";
		};
		F8843DBFD23DEA9E5B3FE7F5 = {
			isa = PBXGroup;
			children = (
				F8843EA0CA6FFBC022B9B98D /* Products */,
				F8843A66A5BAF5419044D5D2 /* SimplePaint */,
			);
			sourceTree = "<group>";
		};
		F8843E7245F92546817EE3F9 /* Extensions */ = {
			isa = PBXGroup;
			children = (
				F884309C518C976F5078B319 /* UIColor+ ext.swift */,
				F8843035B677CD66145ABFD0 /* UIStackView+ext.swift */,
			);
			path = Extensions;
			sourceTree = "<group>";
		};
		F8843EA0CA6FFBC022B9B98D /* Products */ = {
			isa = PBXGroup;
			children = (
				F8843F04E28FA6F093D41117 /* SimplePaint.app */,
			);
			name = Products;
			sourceTree = "<group>";
		};
		F8843F2D40826AB12AA16BAD /* Models */ = {
			isa = PBXGroup;
			children = (
				F8843C6B762EFD5653D1D98A /* DrawnObject.swift */,
				F8843637BDA14928E96590C4 /* Observed.swift */,
			);
			path = Models;
			sourceTree = "<group>";
		};
/* End PBXGroup section */

/* Begin PBXNativeTarget section */
		F884334D374F7EBB768D3A3A /* SimplePaint */ = {
			isa = PBXNativeTarget;
			buildConfigurationList = F88437F1CEDB1DADAB8BCF0B /* Build configuration list for PBXNativeTarget "SimplePaint" */;
			buildPhases = (
				F8843731FFA4D187375FEA45 /* Sources */,
				F8843127088BCB2DAA0E759E /* Frameworks */,
				F884373D14F3823F67479DA4 /* Resources */,
			);
			buildRules = (
			);
			dependencies = (
			);
			name = SimplePaint;
			productName = SimplePaint;
			productReference = F8843F04E28FA6F093D41117 /* SimplePaint.app */;
			productType = "com.apple.product-type.application";
		};
/* End PBXNativeTarget section */

/* Begin PBXProject section */
		F884316AFEE2C350F5D037AA /* Project object */ = {
			isa = PBXProject;
			attributes = {
				ORGANIZATIONNAME = "";
				TargetAttributes = {
					F884334D374F7EBB768D3A3A = {
						DevelopmentTeam = X4FJ736MWC;
					};
				};
			};
			buildConfigurationList = F8843B39F449CFD9B4CDEEB0 /* Build configuration list for PBXProject "SimplePaint" */;
			compatibilityVersion = "Xcode 3.2";
			developmentRegion = en;
			hasScannedForEncodings = 0;
			knownRegions = (
				en,
				Base,
			);
			mainGroup = F8843DBFD23DEA9E5B3FE7F5;
			productRefGroup = F8843EA0CA6FFBC022B9B98D /* Products */;
			projectDirPath = "";
			projectRoot = "";
			targets = (
				F884334D374F7EBB768D3A3A /* SimplePaint */,
			);
		};
/* End PBXProject section */

/* Begin PBXResourcesBuildPhase section */
		F884373D14F3823F67479DA4 /* Resources */ = {
			isa = PBXResourcesBuildPhase;
			buildActionMask = 2147483647;
			files = (
				F8843FDC3E01E7BED361593B /* LaunchScreen.storyboard in Resources */,
				F8843D54CB2FF032C7A3641B /* Assets.xcassets in Resources */,
			);
			runOnlyForDeploymentPostprocessing = 0;
		};
/* End PBXResourcesBuildPhase section */

/* Begin PBXSourcesBuildPhase section */
		F8843731FFA4D187375FEA45 /* Sources */ = {
			isa = PBXSourcesBuildPhase;
			buildActionMask = 2147483647;
			files = (
				F8843B0BE6924D38D33788B4 /* AppDelegate.swift in Sources */,
				F8843A0A50861390B3CE8ED4 /* SceneDelegate.swift in Sources */,
				F8843237178DA577F757CCCF /* UIColor+ ext.swift in Sources */,
				F8843756DEDC9F959FA5A3E6 /* UIStackView+ext.swift in Sources */,
				F884308DE00708EC08CDDEE2 /* ViewController.swift in Sources */,
				F8843DF57A65B6649416498C /* ColoredCardDataSource.swift in Sources */,
				F88432957EA044B34E987CDF /* ColoredCardItem.swift in Sources */,
				F8843A0B100D87F1D9EF17F8 /* DrawTools.swift in Sources */,
				F8843E515AB6A1CD4593263E /* DrawCanvas.swift in Sources */,
				F8843E3B226DFC14688A6C0B /* PencilDrawable.swift in Sources */,
				F884392EE97AA1177531284D /* TriangleDrawable.swift in Sources */,
				F88435EF4D2953546FFF864E /* RectDrawable.swift in Sources */,
				F884301F02F6314211DCF026 /* LineDrawable.swift in Sources */,
				F8843EE3C869191AA00BDE1A /* CircleDrawable.swift in Sources */,
				F88436286F44C9B6402370B0 /* CircleDrawService.swift in Sources */,
				F8843416BC6BC16F2ECA7298 /* LineDrawService.swift in Sources */,
				F8843645DF45BDA1834C9217 /* PencilDrawService.swift in Sources */,
				F88434898999165ED82A7110 /* RectDrawService.swift in Sources */,
				F884393522BB77F61D607DB2 /* TriangleDrawService.swift in Sources */,
				F8843DDDA17A50724E45E22E /* ViewModel.swift in Sources */,
				F88436A03D03B64A71809152 /* Factory.swift in Sources */,
				F8843395056EAB45B2A07FB2 /* DrawnObject.swift in Sources */,
				F8843A6C9AF58E39B868DD6F /* Observed.swift in Sources */,
			);
			runOnlyForDeploymentPostprocessing = 0;
		};
/* End PBXSourcesBuildPhase section */

/* Begin PBXVariantGroup section */
		F8843D1CB3627EEB694FD5E3 /* LaunchScreen.storyboard */ = {
			isa = PBXVariantGroup;
			children = (
				F88436782F5757E3D7FA2D7C /* Base */,
			);
			name = LaunchScreen.storyboard;
			sourceTree = "<group>";
		};
/* End PBXVariantGroup section */

/* Begin XCBuildConfiguration section */
		F88431C65A9060A3EBA15E05 /* Debug */ = {
			isa = XCBuildConfiguration;
			buildSettings = {
				ASSETCATALOG_COMPILER_APPICON_NAME = AppIcon;
				ASSETCATALOG_COMPILER_GLOBAL_ACCENT_COLOR_NAME = AccentColor;
				CURRENT_PROJECT_VERSION = 1;
				DEVELOPMENT_TEAM = X4FJ736MWC;
				GENERATE_INFOPLIST_FILE = YES;
				INFOPLIST_FILE = "SimplePaint/Supporting Files/Info.plist";
				INFOPLIST_KEY_UIApplicationSupportsIndirectInputEvents = YES;
				INFOPLIST_KEY_UILaunchStoryboardName = LaunchScreen;
				INFOPLIST_KEY_UIMainStoryboardFile = "";
				INFOPLIST_KEY_UISupportedInterfaceOrientations_iPad = "UIInterfaceOrientationPortrait UIInterfaceOrientationPortraitUpsideDown UIInterfaceOrientationLandscapeLeft UIInterfaceOrientationLandscapeRight";
				INFOPLIST_KEY_UISupportedInterfaceOrientations_iPhone = "UIInterfaceOrientationPortrait UIInterfaceOrientationLandscapeLeft UIInterfaceOrientationLandscapeRight";
				IPHONEOS_DEPLOYMENT_TARGET = 15.4;
				LD_RUNPATH_SEARCH_PATHS = "$(inherited) @executable_path/Frameworks";
				MARKETING_VERSION = 1.0;
				PRODUCT_BUNDLE_IDENTIFIER = doszlmnv.SimplePaint;
				PRODUCT_NAME = "$(TARGET_NAME)";
				SWIFT_EMIT_LOC_STRINGS = YES;
				SWIFT_VERSION = 5.0;
				TARGETED_DEVICE_FAMILY = 2;
			};
			name = Debug;
		};
		F884359D962EDD24948CF9AA /* Release */ = {
			isa = XCBuildConfiguration;
			buildSettings = {
				ASSETCATALOG_COMPILER_APPICON_NAME = AppIcon;
				ASSETCATALOG_COMPILER_GLOBAL_ACCENT_COLOR_NAME = AccentColor;
				CURRENT_PROJECT_VERSION = 1;
				DEVELOPMENT_TEAM = X4FJ736MWC;
				GENERATE_INFOPLIST_FILE = YES;
				INFOPLIST_FILE = "SimplePaint/Supporting Files/Info.plist";
				INFOPLIST_KEY_UIApplicationSupportsIndirectInputEvents = YES;
				INFOPLIST_KEY_UILaunchStoryboardName = LaunchScreen;
				INFOPLIST_KEY_UIMainStoryboardFile = "";
				INFOPLIST_KEY_UISupportedInterfaceOrientations_iPad = "UIInterfaceOrientationPortrait UIInterfaceOrientationPortraitUpsideDown UIInterfaceOrientationLandscapeLeft UIInterfaceOrientationLandscapeRight";
				INFOPLIST_KEY_UISupportedInterfaceOrientations_iPhone = "UIInterfaceOrientationPortrait UIInterfaceOrientationLandscapeLeft UIInterfaceOrientationLandscapeRight";
				IPHONEOS_DEPLOYMENT_TARGET = 15.4;
				LD_RUNPATH_SEARCH_PATHS = "$(inherited) @executable_path/Frameworks";
				MARKETING_VERSION = 1.0;
				PRODUCT_BUNDLE_IDENTIFIER = doszlmnv.SimplePaint;
				PRODUCT_NAME = "$(TARGET_NAME)";
				SWIFT_EMIT_LOC_STRINGS = YES;
				SWIFT_VERSION = 5.0;
				TARGETED_DEVICE_FAMILY = 2;
			};
			name = Release;
		};
		F8843D10BB0AA0B7F44DEAE9 /* Debug */ = {
			isa = XCBuildConfiguration;
			buildSettings = {
				ALWAYS_SEARCH_USER_PATHS = NO;
				CLANG_ANALYZER_NONNULL = YES;
				CLANG_ANALYZER_NUMBER_OBJECT_CONVERSION = YES_AGGRESSIVE;
				CLANG_CXX_LANGUAGE_STANDARD = "gnu++17";
				CLANG_ENABLE_MODULES = YES;
				CLANG_ENABLE_OBJC_ARC = YES;
				CLANG_ENABLE_OBJC_WEAK = YES;
				CLANG_WARN_BLOCK_CAPTURE_AUTORELEASING = YES;
				CLANG_WARN_BOOL_CONVERSION = YES;
				CLANG_WARN_COMMA = YES;
				CLANG_WARN_CONSTANT_CONVERSION = YES;
				CLANG_WARN_DEPRECATED_OBJC_IMPLEMENTATIONS = YES;
				CLANG_WARN_DIRECT_OBJC_ISA_USAGE = YES_ERROR;
				CLANG_WARN_DOCUMENTATION_COMMENTS = YES;
				CLANG_WARN_EMPTY_BODY = YES;
				CLANG_WARN_ENUM_CONVERSION = YES;
				CLANG_WARN_INFINITE_RECURSION = YES;
				CLANG_WARN_INT_CONVERSION = YES;
				CLANG_WARN_NON_LITERAL_NULL_CONVERSION = YES;
				CLANG_WARN_OBJC_IMPLICIT_RETAIN_SELF = YES;
				CLANG_WARN_OBJC_LITERAL_CONVERSION = YES;
				CLANG_WARN_OBJC_ROOT_CLASS = YES_ERROR;
				CLANG_WARN_QUOTED_INCLUDE_IN_FRAMEWORK_HEADER = YES;
				CLANG_WARN_RANGE_LOOP_ANALYSIS = YES;
				CLANG_WARN_STRICT_PROTOTYPES = YES;
				CLANG_WARN_SUSPICIOUS_MOVE = YES;
				CLANG_WARN_UNGUARDED_AVAILABILITY = YES_AGGRESSIVE;
				CLANG_WARN_UNREACHABLE_CODE = YES;
				CLANG_WARN__DUPLICATE_METHOD_MATCH = YES;
				COPY_PHASE_STRIP = NO;
				DEBUG_INFORMATION_FORMAT = dwarf;
				DEVELOPMENT_TEAM = "Dos Zh (Personal Team)";
				ENABLE_STRICT_OBJC_MSGSEND = YES;
				ENABLE_TESTABILITY = YES;
				GCC_C_LANGUAGE_STANDARD = gnu11;
				GCC_DYNAMIC_NO_PIC = NO;
				GCC_NO_COMMON_BLOCKS = YES;
				GCC_OPTIMIZATION_LEVEL = 0;
				GCC_PREPROCESSOR_DEFINITIONS = (
					"DEBUG=1",
					"$(inherited)",
				);
				GCC_WARN_64_TO_32_BIT_CONVERSION = YES;
				GCC_WARN_ABOUT_RETURN_TYPE = YES_ERROR;
				GCC_WARN_UNDECLARED_SELECTOR = YES;
				GCC_WARN_UNINITIALIZED_AUTOS = YES_AGGRESSIVE;
				GCC_WARN_UNUSED_FUNCTION = YES;
				GCC_WARN_UNUSED_VARIABLE = YES;
				IPHONEOS_DEPLOYMENT_TARGET = 15.4;
				MTL_ENABLE_DEBUG_INFO = INCLUDE_SOURCE;
				MTL_FAST_MATH = YES;
				ONLY_ACTIVE_ARCH = YES;
				SDKROOT = iphoneos;
				SWIFT_ACTIVE_COMPILATION_CONDITIONS = DEBUG;
				SWIFT_OPTIMIZATION_LEVEL = "-Onone";
			};
			name = Debug;
		};
		F8843D91714166FEF50E0205 /* Release */ = {
			isa = XCBuildConfiguration;
			buildSettings = {
				ALWAYS_SEARCH_USER_PATHS = NO;
				CLANG_ANALYZER_NONNULL = YES;
				CLANG_ANALYZER_NUMBER_OBJECT_CONVERSION = YES_AGGRESSIVE;
				CLANG_CXX_LANGUAGE_STANDARD = "gnu++17";
				CLANG_ENABLE_MODULES = YES;
				CLANG_ENABLE_OBJC_ARC = YES;
				CLANG_ENABLE_OBJC_WEAK = YES;
				CLANG_WARN_BLOCK_CAPTURE_AUTORELEASING = YES;
				CLANG_WARN_BOOL_CONVERSION = YES;
				CLANG_WARN_COMMA = YES;
				CLANG_WARN_CONSTANT_CONVERSION = YES;
				CLANG_WARN_DEPRECATED_OBJC_IMPLEMENTATIONS = YES;
				CLANG_WARN_DIRECT_OBJC_ISA_USAGE = YES_ERROR;
				CLANG_WARN_DOCUMENTATION_COMMENTS = YES;
				CLANG_WARN_EMPTY_BODY = YES;
				CLANG_WARN_ENUM_CONVERSION = YES;
				CLANG_WARN_INFINITE_RECURSION = YES;
				CLANG_WARN_INT_CONVERSION = YES;
				CLANG_WARN_NON_LITERAL_NULL_CONVERSION = YES;
				CLANG_WARN_OBJC_IMPLICIT_RETAIN_SELF = YES;
				CLANG_WARN_OBJC_LITERAL_CONVERSION = YES;
				CLANG_WARN_OBJC_ROOT_CLASS = YES_ERROR;
				CLANG_WARN_QUOTED_INCLUDE_IN_FRAMEWORK_HEADER = YES;
				CLANG_WARN_RANGE_LOOP_ANALYSIS = YES;
				CLANG_WARN_STRICT_PROTOTYPES = YES;
				CLANG_WARN_SUSPICIOUS_MOVE = YES;
				CLANG_WARN_UNGUARDED_AVAILABILITY = YES_AGGRESSIVE;
				CLANG_WARN_UNREACHABLE_CODE = YES;
				CLANG_WARN__DUPLICATE_METHOD_MATCH = YES;
				COPY_PHASE_STRIP = NO;
				DEBUG_INFORMATION_FORMAT = "dwarf-with-dsym";
				DEVELOPMENT_TEAM = "Dos Zh (Personal Team)";
				ENABLE_NS_ASSERTIONS = NO;
				ENABLE_STRICT_OBJC_MSGSEND = YES;
				GCC_C_LANGUAGE_STANDARD = gnu11;
				GCC_NO_COMMON_BLOCKS = YES;
				GCC_WARN_64_TO_32_BIT_CONVERSION = YES;
				GCC_WARN_ABOUT_RETURN_TYPE = YES_ERROR;
				GCC_WARN_UNDECLARED_SELECTOR = YES;
				GCC_WARN_UNINITIALIZED_AUTOS = YES_AGGRESSIVE;
				GCC_WARN_UNUSED_FUNCTION = YES;
				GCC_WARN_UNUSED_VARIABLE = YES;
				IPHONEOS_DEPLOYMENT_TARGET = 15.4;
				MTL_ENABLE_DEBUG_INFO = NO;
				MTL_FAST_MATH = YES;
				SDKROOT = iphoneos;
				SWIFT_OPTIMIZATION_LEVEL = "-Owholemodule";
				VALIDATE_PRODUCT = YES;
			};
			name = Release;
		};
/* End XCBuildConfiguration section */

/* Begin XCConfigurationList section */
		F88437F1CEDB1DADAB8BCF0B /* Build configuration list for PBXNativeTarget "SimplePaint" */ = {
			isa = XCConfigurationList;
			buildConfigurations = (
				F88431C65A9060A3EBA15E05 /* Debug */,
				F884359D962EDD24948CF9AA /* Release */,
			);
			defaultConfigurationIsVisible = 0;
			defaultConfigurationName = Release;
		};
		F8843B39F449CFD9B4CDEEB0 /* Build configuration list for PBXProject "SimplePaint" */ = {
			isa = XCConfigurationList;
			buildConfigurations = (
				F8843D10BB0AA0B7F44DEAE9 /* Debug */,
				F8843D91714166FEF50E0205 /* Release */,
			);
			defaultConfigurationIsVisible = 0;
			defaultConfigurationName = Release;
		};
/* End XCConfigurationList section */
	};
	rootObject = F884316AFEE2C350F5D037AA /* Project object */;
}
